
Microsoft Visual Studio Solution File, Format Version 12.00
# Visual Studio Version 17
VisualStudioVersion = 17.11.35312.102
MinimumVisualStudioVersion = 10.0.40219.1
Project("{FAE04EC0-301F-11D3-BF4B-00C04F79EFBC}") = "HomeTask(Arrays3)", "HomeTask(Arrays3)\HomeTask(Arrays3).csproj", "{E9E5A939-1EBA-488A-A798-B09C06ADFF00}"
EndProject
Global
	GlobalSection(SolutionConfigurationPlatforms) = preSolution
		Debug|Any CPU = Debug|Any CPU
		Release|Any CPU = Release|Any CPU
	EndGlobalSection
	GlobalSection(ProjectConfigurationPlatforms) = postSolution
		{E9E5A939-1EBA-488A-A798-B09C06ADFF00}.Debug|Any CPU.ActiveCfg = Debug|Any CPU
		{E9E5A939-1EBA-488A-A798-B09C06ADFF00}.Debug|Any CPU.Build.0 = Debug|Any CPU
		{E9E5A939-1EBA-488A-A798-B09C06ADFF00}.Release|Any CPU.ActiveCfg = Release|Any CPU
		{E9E5A939-1EBA-488A-A798-B09C06ADFF00}.Release|Any CPU.Build.0 = Release|Any CPU
	EndGlobalSection
	GlobalSection(SolutionProperties) = preSolution
		HideSolutionNode = FALSE
	EndGlobalSection
	GlobalSection(ExtensibilityGlobals) = postSolution
		SolutionGuid = {015AD37E-3D42-47A0-A397-45A9172DA474}
	EndGlobalSection
EndGlobal
