
Microsoft Visual Studio Solution File, Format Version 12.00
# Visual Studio Version 17
VisualStudioVersion = 17.11.35312.102
MinimumVisualStudioVersion = 10.0.40219.1
Project("{FAE04EC0-301F-11D3-BF4B-00C04F79EFBC}") = "SingerSongTask", "SingerSongTask\SingerSongTask.csproj", "{97A98E0F-A0E7-44F5-906E-15232062C449}"
EndProject
Global
	GlobalSection(SolutionConfigurationPlatforms) = preSolution
		Debug|Any CPU = Debug|Any CPU
		Release|Any CPU = Release|Any CPU
	EndGlobalSection
	GlobalSection(ProjectConfigurationPlatforms) = postSolution
		{97A98E0F-A0E7-44F5-906E-15232062C449}.Debug|Any CPU.ActiveCfg = Debug|Any CPU
		{97A98E0F-A0E7-44F5-906E-15232062C449}.Debug|Any CPU.Build.0 = Debug|Any CPU
		{97A98E0F-A0E7-44F5-906E-15232062C449}.Release|Any CPU.ActiveCfg = Release|Any CPU
		{97A98E0F-A0E7-44F5-906E-15232062C449}.Release|Any CPU.Build.0 = Release|Any CPU
	EndGlobalSection
	GlobalSection(SolutionProperties) = preSolution
		HideSolutionNode = FALSE
	EndGlobalSection
	GlobalSection(ExtensibilityGlobals) = postSolution
		SolutionGuid = {97CD8AA7-71E6-47E6-AB36-701D216A87B1}
	EndGlobalSection
EndGlobal
